<?xml version="1.0" encoding="utf-8"?>
<Project ToolsVersion="4.0" xmlns="http://schemas.microsoft.com/developer/msbuild/2003">
  <ItemGroup>
    <Filter Include="소스 파일">
      <UniqueIdentifier>{4FC737F1-C7A5-4376-A066-2A32D752A2FF}</UniqueIdentifier>
      <Extensions>cpp;c;cc;cxx;def;odl;idl;hpj;bat;asm;asmx</Extensions>
    </Filter>
    <Filter Include="헤더 파일">
      <UniqueIdentifier>{93995380-89BD-4b04-88EB-625FBE52EBFB}</UniqueIdentifier>
      <Extensions>h;hpp;hxx;hm;inl;inc;xsd</Extensions>
    </Filter>
    <Filter Include="리소스 파일">
      <UniqueIdentifier>{67DA6AB6-F800-4c08-8B7A-83BB121AAD01}</UniqueIdentifier>
      <Extensions>rc;ico;cur;bmp;dlg;rc2;rct;bin;rgs;gif;jpg;jpeg;jpe;resx;tiff;tif;png;wav;mfcribbon-ms</Extensions>
    </Filter>
    <Filter Include="소스 파일\FFTW">
      <UniqueIdentifier>{672a8cd3-6d4f-41ed-8384-639e285494a5}</UniqueIdentifier>
    </Filter>
    <Filter Include="소스 파일\LOG">
      <UniqueIdentifier>{c03df85c-ea8c-439e-ac39-884ba72a8a21}</UniqueIdentifier>
    </Filter>
    <Filter Include="소스 파일\ListCtrl">
      <UniqueIdentifier>{d21e16ed-94b0-4490-9a1d-2ff33c8cb28b}</UniqueIdentifier>
    </Filter>
    <Filter Include="소스 파일\EasySize">
      <UniqueIdentifier>{75064501-4973-44a9-8138-3d1cec02e5cb}</UniqueIdentifier>
    </Filter>
    <Filter Include="소스 파일\ButtonST">
      <UniqueIdentifier>{2a4ecdf3-39a0-4516-a420-0674141beb22}</UniqueIdentifier>
    </Filter>
    <Filter Include="소스 파일\ColorStatic">
      <UniqueIdentifier>{6efb4e9e-5f7e-473b-9f76-3c8e4da5a4f6}</UniqueIdentifier>
    </Filter>
    <Filter Include="소스 파일\ToolTip">
      <UniqueIdentifier>{7102e797-5487-42e5-b35e-e277239498b0}</UniqueIdentifier>
    </Filter>
    <Filter Include="소스 파일\Anal">
      <UniqueIdentifier>{09711127-c567-40a2-8359-e18ff6a24008}</UniqueIdentifier>
    </Filter>
    <Filter Include="소스 파일\Anal\MIDAS">
      <UniqueIdentifier>{b2ff3f06-1421-4b4c-a5fe-28c3715adc98}</UniqueIdentifier>
    </Filter>
    <Filter Include="소스 파일\Anal\Collect">
      <UniqueIdentifier>{2b36d8df-adb0-4715-8001-ca67cb483543}</UniqueIdentifier>
    </Filter>
    <Filter Include="소스 파일\Anal\Collect\DataFile">
      <UniqueIdentifier>{144db461-0928-4ca9-aac4-c15258dec9ff}</UniqueIdentifier>
    </Filter>
    <Filter Include="소스 파일\SpinCtrl">
      <UniqueIdentifier>{b9f79767-da38-4553-b0a5-b1893b304147}</UniqueIdentifier>
    </Filter>
    <Filter Include="소스 파일\Utils">
      <UniqueIdentifier>{53472950-baba-4b14-b57b-f0e56f849e10}</UniqueIdentifier>
    </Filter>
    <Filter Include="소스 파일\Anal\INC">
      <UniqueIdentifier>{a557f178-6fca-4d7e-a53c-8afbb1658b15}</UniqueIdentifier>
    </Filter>
  </ItemGroup>
  <ItemGroup>
    <None Include="ReadMe.txt" />
    <None Include="res\file_view.ico">
      <Filter>리소스 파일</Filter>
    </None>
    <None Include="res\file_view_hc.ico">
      <Filter>리소스 파일</Filter>
    </None>
    <None Include="res\class_view.ico">
      <Filter>리소스 파일</Filter>
    </None>
    <None Include="res\class_view_hc.ico">
      <Filter>리소스 파일</Filter>
    </None>
    <None Include="res\fileview.bmp">
      <Filter>리소스 파일</Filter>
    </None>
    <None Include="res\fileview_hc.bmp">
      <Filter>리소스 파일</Filter>
    </None>
    <None Include="res\classview.bmp">
      <Filter>리소스 파일</Filter>
    </None>
    <None Include="res\classview_hc.bmp">
      <Filter>리소스 파일</Filter>
    </None>
    <None Include="res\explorer.bmp">
      <Filter>리소스 파일</Filter>
    </None>
    <None Include="res\explorer_hc.bmp">
      <Filter>리소스 파일</Filter>
    </None>
    <None Include="res\sort.bmp">
      <Filter>리소스 파일</Filter>
    </None>
    <None Include="res\sort_hc.bmp">
      <Filter>리소스 파일</Filter>
    </None>
    <None Include="res\menuimages.bmp">
      <Filter>리소스 파일</Filter>
    </None>
    <None Include="res\menuimages_hc.bmp">
      <Filter>리소스 파일</Filter>
    </None>
    <None Include="res\output_wnd.ico">
      <Filter>리소스 파일</Filter>
    </None>
    <None Include="res\output_wnd_hc.ico">
      <Filter>리소스 파일</Filter>
    </None>
    <None Include="res\properties_wnd.ico">
      <Filter>리소스 파일</Filter>
    </None>
    <None Include="res\properties_wnd_hc.ico">
      <Filter>리소스 파일</Filter>
    </None>
    <None Include="res\properties.bmp">
      <Filter>리소스 파일</Filter>
    </None>
    <None Include="res\properties_hc.bmp">
      <Filter>리소스 파일</Filter>
    </None>
    <None Include="UserImages.bmp">
      <Filter>리소스 파일</Filter>
    </None>
    <None Include="res\DeltaGraph.rc2">
      <Filter>리소스 파일</Filter>
    </None>
    <None Include="res\DeltaGraphDoc.ico">
      <Filter>리소스 파일</Filter>
    </None>
    <None Include="res\DeltaGraph.ico">
      <Filter>리소스 파일</Filter>
    </None>
    <None Include="res\Toolbar.bmp">
      <Filter>리소스 파일</Filter>
    </None>
    <None Include="res\Toolbar256.bmp">
      <Filter>리소스 파일</Filter>
    </None>
    <None Include="..\..\..\TEMP\chartingtocpict.png">
      <Filter>리소스 파일</Filter>
    </None>
    <None Include="res\icon1.ico">
      <Filter>리소스 파일</Filter>
    </None>
    <None Include="..\..\..\TEMP\chartingtocpict.ico">
      <Filter>리소스 파일</Filter>
    </None>
    <None Include="res\chartingtocpict.ico">
      <Filter>리소스 파일</Filter>
    </None>
    <None Include="res\info.ico">
      <Filter>리소스 파일</Filter>
    </None>
  </ItemGroup>
  <ItemGroup>
    <ClInclude Include="DeltaGraph.h">
      <Filter>헤더 파일</Filter>
    </ClInclude>
    <ClInclude Include="stdafx.h">
      <Filter>헤더 파일</Filter>
    </ClInclude>
    <ClInclude Include="targetver.h">
      <Filter>헤더 파일</Filter>
    </ClInclude>
    <ClInclude Include="MainFrm.h">
      <Filter>헤더 파일</Filter>
    </ClInclude>
    <ClInclude Include="ChildFrm.h">
      <Filter>헤더 파일</Filter>
    </ClInclude>
    <ClInclude Include="DeltaGraphDoc.h">
      <Filter>헤더 파일</Filter>
    </ClInclude>
    <ClInclude Include="DeltaGraphView.h">
      <Filter>헤더 파일</Filter>
    </ClInclude>
    <ClInclude Include="Resource.h">
      <Filter>헤더 파일</Filter>
    </ClInclude>
    <ClInclude Include="FileView.h">
      <Filter>헤더 파일</Filter>
    </ClInclude>
    <ClInclude Include="ClassView.h">
      <Filter>헤더 파일</Filter>
    </ClInclude>
    <ClInclude Include="ViewTree.h">
      <Filter>헤더 파일</Filter>
    </ClInclude>
    <ClInclude Include="OutputWnd.h">
      <Filter>헤더 파일</Filter>
    </ClInclude>
    <ClInclude Include="PropertiesWnd.h">
      <Filter>헤더 파일</Filter>
    </ClInclude>
    <ClInclude Include="revision.h">
      <Filter>헤더 파일</Filter>
    </ClInclude>
    <ClInclude Include="DeltaGraphView2.h">
      <Filter>소스 파일</Filter>
    </ClInclude>
    <ClInclude Include="Show.h">
      <Filter>헤더 파일</Filter>
    </ClInclude>
    <ClInclude Include="ToolTip\XInfoTip.h">
      <Filter>소스 파일\ToolTip</Filter>
    </ClInclude>
    <ClInclude Include="ListCtrl\CBSpeedListCtrl.h">
      <Filter>소스 파일\ListCtrl</Filter>
    </ClInclude>
    <ClInclude Include="ListCtrl\ComboItem.h">
      <Filter>소스 파일\ListCtrl</Filter>
    </ClInclude>
    <ClInclude Include="ListCtrl\EditItem.h">
      <Filter>소스 파일\ListCtrl</Filter>
    </ClInclude>
    <ClInclude Include="ListCtrl\EditList.h">
      <Filter>소스 파일\ListCtrl</Filter>
    </ClInclude>
    <ClInclude Include="ListCtrl\ReportCtrl.h">
      <Filter>소스 파일\ListCtrl</Filter>
    </ClInclude>
    <ClInclude Include="FFTW\fftw3.h">
      <Filter>소스 파일\FFTW</Filter>
    </ClInclude>
    <ClInclude Include="EasySize\EasySize.h">
      <Filter>소스 파일\EasySize</Filter>
    </ClInclude>
    <ClInclude Include="XColorStatic\FontSize.h">
      <Filter>소스 파일\ColorStatic</Filter>
    </ClInclude>
    <ClInclude Include="XColorStatic\XColorStatic.h">
      <Filter>소스 파일\ColorStatic</Filter>
    </ClInclude>
    <ClInclude Include="..\..\files\Anal\Collect\DataFile\CRWRCommonVariables.h">
      <Filter>소스 파일\Anal\Collect\DataFile</Filter>
    </ClInclude>
    <ClInclude Include="..\..\files\Anal\Collect\DataFile\DataFile.h">
      <Filter>소스 파일\Anal\Collect\DataFile</Filter>
    </ClInclude>
    <ClInclude Include="Log\LogDebug.h">
      <Filter>소스 파일\LOG</Filter>
    </ClInclude>
    <ClInclude Include="ButtonST\BCMenu.h">
      <Filter>소스 파일\ButtonST</Filter>
    </ClInclude>
    <ClInclude Include="ButtonST\BtnST.h">
      <Filter>소스 파일\ButtonST</Filter>
    </ClInclude>
    <ClInclude Include="..\..\files\Anal\MIDAS\Midas.h">
      <Filter>소스 파일\Anal\MIDAS</Filter>
    </ClInclude>
    <ClInclude Include="..\..\files\Anal\MIDAS\RawFile.h">
      <Filter>소스 파일\Anal\MIDAS</Filter>
    </ClInclude>
    <ClInclude Include="SpinCtrl\NumSpinCtrl.h">
      <Filter>소스 파일\SpinCtrl</Filter>
    </ClInclude>
    <ClInclude Include="..\..\files\Utils\ccommonutils.h">
      <Filter>소스 파일\Utils</Filter>
    </ClInclude>
    <ClInclude Include="..\..\files\Utils\MulDiv64.h">
      <Filter>소스 파일\Utils</Filter>
    </ClInclude>
    <ClInclude Include="..\..\files\Anal\INC\PDW.h">
      <Filter>소스 파일\Anal\INC</Filter>
    </ClInclude>
    <ClInclude Include="..\..\files\Anal\MIDAS\ELDecoder.h">
      <Filter>소스 파일\Anal\MIDAS</Filter>
    </ClInclude>
  </ItemGroup>
  <ItemGroup>
    <ClCompile Include="DeltaGraph.cpp">
      <Filter>소스 파일</Filter>
    </ClCompile>
    <ClCompile Include="stdafx.cpp">
      <Filter>소스 파일</Filter>
    </ClCompile>
    <ClCompile Include="ChildFrm.cpp">
      <Filter>소스 파일</Filter>
    </ClCompile>
    <ClCompile Include="DeltaGraphDoc.cpp">
      <Filter>소스 파일</Filter>
    </ClCompile>
    <ClCompile Include="DeltaGraphView.cpp">
      <Filter>소스 파일</Filter>
    </ClCompile>
    <ClCompile Include="FileView.cpp">
      <Filter>소스 파일</Filter>
    </ClCompile>
    <ClCompile Include="ClassView.cpp">
      <Filter>소스 파일</Filter>
    </ClCompile>
    <ClCompile Include="ViewTree.cpp">
      <Filter>소스 파일</Filter>
    </ClCompile>
    <ClCompile Include="OutputWnd.cpp">
      <Filter>소스 파일</Filter>
    </ClCompile>
    <ClCompile Include="PropertiesWnd.cpp">
      <Filter>소스 파일</Filter>
    </ClCompile>
    <ClCompile Include="revision.cpp">
      <Filter>소스 파일</Filter>
    </ClCompile>
    <ClCompile Include="DeltaGraphView2.cpp">
      <Filter>소스 파일</Filter>
    </ClCompile>
    <ClCompile Include="Show.cpp">
      <Filter>소스 파일</Filter>
    </ClCompile>
    <ClCompile Include="MainFrm.cpp">
      <Filter>소스 파일</Filter>
    </ClCompile>
    <ClCompile Include="ToolTip\XInfoTip.cpp">
      <Filter>소스 파일\ToolTip</Filter>
    </ClCompile>
    <ClCompile Include="ListCtrl\CBSpeedListCtrl.cpp">
      <Filter>소스 파일\ListCtrl</Filter>
    </ClCompile>
    <ClCompile Include="ListCtrl\ComboItem.cpp">
      <Filter>소스 파일\ListCtrl</Filter>
    </ClCompile>
    <ClCompile Include="ListCtrl\EditItem.cpp">
      <Filter>소스 파일\ListCtrl</Filter>
    </ClCompile>
    <ClCompile Include="ListCtrl\EditList.cpp">
      <Filter>소스 파일\ListCtrl</Filter>
    </ClCompile>
    <ClCompile Include="ListCtrl\ReportCtrl.cpp">
      <Filter>소스 파일\ListCtrl</Filter>
    </ClCompile>
    <ClCompile Include="XColorStatic\FontSize.cpp">
      <Filter>소스 파일\ColorStatic</Filter>
    </ClCompile>
    <ClCompile Include="XColorStatic\XColorStatic.cpp">
      <Filter>소스 파일\ColorStatic</Filter>
    </ClCompile>
    <ClCompile Include="..\..\files\Anal\Collect\DataFile\DataFile.cpp">
      <Filter>소스 파일\Anal\Collect\DataFile</Filter>
    </ClCompile>
    <ClCompile Include="Log\LogDebug.cpp">
      <Filter>소스 파일\LOG</Filter>
    </ClCompile>
    <ClCompile Include="ButtonST\BCMenu.cpp">
      <Filter>소스 파일\ButtonST</Filter>
    </ClCompile>
    <ClCompile Include="ButtonST\BtnST.cpp">
      <Filter>소스 파일\ButtonST</Filter>
    </ClCompile>
    <ClCompile Include="..\..\files\Anal\MIDAS\Midas.cpp">
      <Filter>소스 파일\Anal\MIDAS</Filter>
    </ClCompile>
    <ClCompile Include="..\..\files\Anal\MIDAS\RawFile.cpp">
      <Filter>소스 파일\Anal\MIDAS</Filter>
    </ClCompile>
    <ClCompile Include="SpinCtrl\NumSpinCtrl.cpp">
      <Filter>소스 파일\SpinCtrl</Filter>
    </ClCompile>
    <ClCompile Include="..\..\files\Utils\ccommonutils.cpp">
      <Filter>소스 파일\Utils</Filter>
    </ClCompile>
    <ClCompile Include="..\..\files\Utils\MulDiv64.cpp">
      <Filter>소스 파일\Utils</Filter>
    </ClCompile>
    <ClCompile Include="..\..\files\Anal\MIDAS\ELDecoder.cpp">
      <Filter>소스 파일\Anal\MIDAS</Filter>
    </ClCompile>
    <ClCompile Include="..\..\files\Utils\clogname.cpp">
      <Filter>소스 파일\Utils</Filter>
    </ClCompile>
  </ItemGroup>
  <ItemGroup>
    <ResourceCompile Include="DeltaGraph.rc">
      <Filter>리소스 파일</Filter>
    </ResourceCompile>
  </ItemGroup>
</Project>