<?xml version="1.0" encoding="utf-8"?>
<Project ToolsVersion="4.0" xmlns="http://schemas.microsoft.com/developer/msbuild/2003">
  <ItemGroup>
    <Filter Include="헤더 파일">
      <UniqueIdentifier>{7c4dcafc-6349-41d2-8cae-3292539aea2c}</UniqueIdentifier>
      <Extensions>h;hpp;hxx;hm;inl</Extensions>
    </Filter>
    <Filter Include="리소스 파일">
      <UniqueIdentifier>{53f8e42a-47a5-4dbf-a921-855e8b17df3f}</UniqueIdentifier>
      <Extensions>ico;cur;bmp;dlg;rc2;rct;bin;rgs;gif;jpg;jpeg;jpe</Extensions>
    </Filter>
    <Filter Include="소스 파일">
      <UniqueIdentifier>{4ae17a85-1606-476c-83a4-133c919dad39}</UniqueIdentifier>
      <Extensions>cpp;c;cxx;rc;def;r;odl;idl;hpj;bat</Extensions>
    </Filter>
    <Filter Include="소스 파일\Anal">
      <UniqueIdentifier>{472e738f-401c-408a-88cf-fff978e1d3cf}</UniqueIdentifier>
    </Filter>
    <Filter Include="소스 파일\Anal\Collect">
      <UniqueIdentifier>{83f6069c-de28-49ed-b2e2-540066c62d5c}</UniqueIdentifier>
    </Filter>
    <Filter Include="소스 파일\Anal\Collect\DataFile">
      <UniqueIdentifier>{06955ebc-4921-4509-9b60-90b00399bf2d}</UniqueIdentifier>
    </Filter>
    <Filter Include="소스 파일\Anal\MIDAS">
      <UniqueIdentifier>{64d7957a-38b5-4793-91cc-b484ccba9564}</UniqueIdentifier>
    </Filter>
    <Filter Include="소스 파일\Utils">
      <UniqueIdentifier>{96a9a159-bad4-4d02-8ea4-39bbc72b44a8}</UniqueIdentifier>
    </Filter>
    <Filter Include="소스 파일\Anal\Collect\GenPDW">
      <UniqueIdentifier>{f14e2643-8eb2-4c8e-8a82-f5e6f4ccd3c3}</UniqueIdentifier>
    </Filter>
  </ItemGroup>
  <ItemGroup>
    <ClCompile Include="npwmake.cpp">
      <Filter>소스 파일</Filter>
    </ClCompile>
    <ClCompile Include="..\..\files\Anal\Collect\DataFile\DataFile.cpp">
      <Filter>소스 파일\Anal\Collect\DataFile</Filter>
    </ClCompile>
    <ClCompile Include="stdafx.cpp">
      <Filter>소스 파일</Filter>
    </ClCompile>
    <ClCompile Include="..\..\files\Anal\MIDAS\RawFile.cpp">
      <Filter>소스 파일\Anal\MIDAS</Filter>
    </ClCompile>
    <ClCompile Include="..\..\files\Utils\ccommonutils.cpp">
      <Filter>소스 파일\Utils</Filter>
    </ClCompile>
    <ClCompile Include="..\..\files\Anal\MIDAS\Midas.cpp">
      <Filter>소스 파일\Anal\MIDAS</Filter>
    </ClCompile>
    <ClCompile Include="..\..\files\Anal\Collect\GenPDW\CGenPDW.cpp">
      <Filter>소스 파일\Anal\Collect\GenPDW</Filter>
    </ClCompile>
    <ClCompile Include="..\..\files\Utils\MulDiv64.cpp">
      <Filter>소스 파일\Utils</Filter>
    </ClCompile>
  </ItemGroup>
  <ItemGroup>
    <ClInclude Include="pdw.h">
      <Filter>헤더 파일</Filter>
    </ClInclude>
    <ClInclude Include="..\..\files\Anal\Collect\DataFile\DataFile.h">
      <Filter>소스 파일\Anal\Collect\DataFile</Filter>
    </ClInclude>
    <ClInclude Include="stdafx.h">
      <Filter>소스 파일</Filter>
    </ClInclude>
    <ClInclude Include="..\..\files\Anal\MIDAS\RawFile.h">
      <Filter>소스 파일\Anal\MIDAS</Filter>
    </ClInclude>
    <ClInclude Include="..\..\files\Utils\ccommonutils.h">
      <Filter>소스 파일\Utils</Filter>
    </ClInclude>
    <ClInclude Include="..\..\files\Anal\MIDAS\Midas.h">
      <Filter>소스 파일\Anal\MIDAS</Filter>
    </ClInclude>
    <ClInclude Include="..\..\files\Anal\Collect\GenPDW\CGenPDW.h">
      <Filter>소스 파일\Anal\Collect\GenPDW</Filter>
    </ClInclude>
    <ClInclude Include="..\..\files\Utils\MulDiv64.h">
      <Filter>소스 파일\Utils</Filter>
    </ClInclude>
  </ItemGroup>
</Project>