<?xml version="1.0" encoding="utf-8"?>
<Project ToolsVersion="4.0" xmlns="http://schemas.microsoft.com/developer/msbuild/2003">
  <ItemGroup>
    <Filter Include="소스 파일">
      <UniqueIdentifier>{4FC737F1-C7A5-4376-A066-2A32D752A2FF}</UniqueIdentifier>
      <Extensions>cpp;c;cc;cxx;c++;cppm;ixx;def;odl;idl;hpj;bat;asm;asmx</Extensions>
    </Filter>
    <Filter Include="헤더 파일">
      <UniqueIdentifier>{93995380-89BD-4b04-88EB-625FBE52EBFB}</UniqueIdentifier>
      <Extensions>h;hh;hpp;hxx;h++;hm;inl;inc;ipp;xsd</Extensions>
    </Filter>
    <Filter Include="리소스 파일">
      <UniqueIdentifier>{67DA6AB6-F800-4c08-8B7A-83BB121AAD01}</UniqueIdentifier>
      <Extensions>rc;ico;cur;bmp;dlg;rc2;rct;bin;rgs;gif;jpg;jpeg;jpe;resx;tiff;tif;png;wav;mfcribbon-ms</Extensions>
    </Filter>
    <Filter Include="소스 파일\UnTar">
      <UniqueIdentifier>{dc8d6b91-aa32-4fe6-ac36-23c4fcd7c08a}</UniqueIdentifier>
    </Filter>
    <Filter Include="소스 파일\WebServer">
      <UniqueIdentifier>{fa71ee82-a89e-437f-9b4f-f7b7df5b660e}</UniqueIdentifier>
    </Filter>
    <Filter Include="소스 파일\Utils">
      <UniqueIdentifier>{c4d7471b-5021-401e-8ff1-eb0f9760d796}</UniqueIdentifier>
    </Filter>
    <Filter Include="소스 파일\System">
      <UniqueIdentifier>{6e596ccc-52b4-4164-a365-dba645fd5b96}</UniqueIdentifier>
    </Filter>
    <Filter Include="소스 파일\Ini">
      <UniqueIdentifier>{346c28f2-e860-413e-9162-e066e6014e12}</UniqueIdentifier>
    </Filter>
  </ItemGroup>
  <ItemGroup>
    <ClInclude Include="framework.h">
      <Filter>헤더 파일</Filter>
    </ClInclude>
    <ClInclude Include="targetver.h">
      <Filter>헤더 파일</Filter>
    </ClInclude>
    <ClInclude Include="Resource.h">
      <Filter>헤더 파일</Filter>
    </ClInclude>
    <ClInclude Include="VBootShell.h">
      <Filter>헤더 파일</Filter>
    </ClInclude>
    <ClInclude Include="pch.h">
      <Filter>헤더 파일</Filter>
    </ClInclude>
    <ClInclude Include="..\..\files\BootShell\Untar\FileTar.h">
      <Filter>소스 파일\UnTar</Filter>
    </ClInclude>
    <ClInclude Include="..\..\files\BootShell\BootShell.h">
      <Filter>헤더 파일</Filter>
    </ClInclude>
    <ClInclude Include="..\..\files\BootShell\BootShellMain.h">
      <Filter>헤더 파일</Filter>
    </ClInclude>
    <ClInclude Include="..\..\files\BootShell\Macros.h">
      <Filter>헤더 파일</Filter>
    </ClInclude>
    <ClInclude Include="..\..\files\BootShell\ManSbc.h">
      <Filter>헤더 파일</Filter>
    </ClInclude>
    <ClInclude Include="..\..\files\BootShell\WebServer\ej.h">
      <Filter>소스 파일\WebServer</Filter>
    </ClInclude>
    <ClInclude Include="..\..\files\BootShell\WebServer\ejIntrn.h">
      <Filter>소스 파일\WebServer</Filter>
    </ClInclude>
    <ClInclude Include="..\..\files\BootShell\WebServer\emfdb.h">
      <Filter>소스 파일\WebServer</Filter>
    </ClInclude>
    <ClInclude Include="..\..\files\BootShell\WebServer\md5.h">
      <Filter>소스 파일\WebServer</Filter>
    </ClInclude>
    <ClInclude Include="..\..\files\BootShell\WebServer\mkstemp.h">
      <Filter>소스 파일\WebServer</Filter>
    </ClInclude>
    <ClInclude Include="..\..\files\BootShell\WebServer\strdup.h">
      <Filter>소스 파일\WebServer</Filter>
    </ClInclude>
    <ClInclude Include="..\..\files\BootShell\WebServer\strncasecmp.h">
      <Filter>소스 파일\WebServer</Filter>
    </ClInclude>
    <ClInclude Include="..\..\files\BootShell\WebServer\uemf.h">
      <Filter>소스 파일\WebServer</Filter>
    </ClInclude>
    <ClInclude Include="..\..\files\BootShell\WebServer\um.h">
      <Filter>소스 파일\WebServer</Filter>
    </ClInclude>
    <ClInclude Include="..\..\files\BootShell\WebServer\webs.h">
      <Filter>소스 파일\WebServer</Filter>
    </ClInclude>
    <ClInclude Include="..\..\files\BootShell\WebServer\websda.h">
      <Filter>소스 파일\WebServer</Filter>
    </ClInclude>
    <ClInclude Include="..\..\files\BootShell\WebServer\wsIntrn.h">
      <Filter>소스 파일\WebServer</Filter>
    </ClInclude>
    <ClInclude Include="..\..\files\Utils\cudpserver.h">
      <Filter>소스 파일\Utils</Filter>
    </ClInclude>
    <ClInclude Include="..\..\files\System\csharedmemory.h">
      <Filter>소스 파일\System</Filter>
    </ClInclude>
    <ClInclude Include="..\..\files\System\csysconfig.h">
      <Filter>소스 파일\System</Filter>
    </ClInclude>
    <ClInclude Include="..\..\files\MinIni\minGlue.h">
      <Filter>소스 파일\Ini</Filter>
    </ClInclude>
    <ClInclude Include="..\..\files\MinIni\minGlue-ccs.h">
      <Filter>소스 파일\Ini</Filter>
    </ClInclude>
    <ClInclude Include="..\..\files\MinIni\minGlue-efsl.h">
      <Filter>소스 파일\Ini</Filter>
    </ClInclude>
    <ClInclude Include="..\..\files\MinIni\minGlue-FatFs.h">
      <Filter>소스 파일\Ini</Filter>
    </ClInclude>
    <ClInclude Include="..\..\files\MinIni\minGlue-ffs.h">
      <Filter>소스 파일\Ini</Filter>
    </ClInclude>
    <ClInclude Include="..\..\files\MinIni\minGlue-mdd.h">
      <Filter>소스 파일\Ini</Filter>
    </ClInclude>
    <ClInclude Include="..\..\files\MinIni\minGlue-stdio.h">
      <Filter>소스 파일\Ini</Filter>
    </ClInclude>
    <ClInclude Include="..\..\files\MinIni\minIni.h">
      <Filter>소스 파일\Ini</Filter>
    </ClInclude>
    <ClInclude Include="..\..\files\MinIni\wxMinIni.h">
      <Filter>소스 파일\Ini</Filter>
    </ClInclude>
  </ItemGroup>
  <ItemGroup>
    <ClCompile Include="VBootShell.cpp">
      <Filter>소스 파일</Filter>
    </ClCompile>
    <ClCompile Include="pch.cpp">
      <Filter>소스 파일</Filter>
    </ClCompile>
    <ClCompile Include="..\..\files\BootShell\Untar\FileTar.cpp">
      <Filter>소스 파일\UnTar</Filter>
    </ClCompile>
    <ClCompile Include="..\..\files\BootShell\BootShell.cpp">
      <Filter>소스 파일</Filter>
    </ClCompile>
    <ClCompile Include="..\..\files\BootShell\BootShellMain.c">
      <Filter>소스 파일</Filter>
    </ClCompile>
    <ClCompile Include="..\..\files\BootShell\ManSbc.cpp">
      <Filter>소스 파일</Filter>
    </ClCompile>
    <ClCompile Include="..\..\files\BootShell\WebServer\asp.c">
      <Filter>소스 파일\WebServer</Filter>
    </ClCompile>
    <ClCompile Include="..\..\files\BootShell\WebServer\balloc.c">
      <Filter>소스 파일\WebServer</Filter>
    </ClCompile>
    <ClCompile Include="..\..\files\BootShell\WebServer\base64.c">
      <Filter>소스 파일\WebServer</Filter>
    </ClCompile>
    <ClCompile Include="..\..\files\BootShell\WebServer\cgi.c">
      <Filter>소스 파일\WebServer</Filter>
    </ClCompile>
    <ClCompile Include="..\..\files\BootShell\WebServer\default.c">
      <Filter>소스 파일\WebServer</Filter>
    </ClCompile>
    <ClCompile Include="..\..\files\BootShell\WebServer\ejlex.c">
      <Filter>소스 파일\WebServer</Filter>
    </ClCompile>
    <ClCompile Include="..\..\files\BootShell\WebServer\ejparse.c">
      <Filter>소스 파일\WebServer</Filter>
    </ClCompile>
    <ClCompile Include="..\..\files\BootShell\WebServer\emfdb.c">
      <Filter>소스 파일\WebServer</Filter>
    </ClCompile>
    <ClCompile Include="..\..\files\BootShell\WebServer\form.c">
      <Filter>소스 파일\WebServer</Filter>
    </ClCompile>
    <ClCompile Include="..\..\files\BootShell\WebServer\h.c">
      <Filter>소스 파일\WebServer</Filter>
    </ClCompile>
    <ClCompile Include="..\..\files\BootShell\WebServer\handler.c">
      <Filter>소스 파일\WebServer</Filter>
    </ClCompile>
    <ClCompile Include="..\..\files\BootShell\WebServer\main.c">
      <Filter>소스 파일\WebServer</Filter>
    </ClCompile>
    <ClCompile Include="..\..\files\BootShell\WebServer\md5c.c">
      <Filter>소스 파일\WebServer</Filter>
    </ClCompile>
    <ClCompile Include="..\..\files\BootShell\WebServer\mime.c">
      <Filter>소스 파일\WebServer</Filter>
    </ClCompile>
    <ClCompile Include="..\..\files\BootShell\WebServer\misc.c">
      <Filter>소스 파일\WebServer</Filter>
    </ClCompile>
    <ClCompile Include="..\..\files\BootShell\WebServer\mocana_ssl.c">
      <Filter>소스 파일\WebServer</Filter>
    </ClCompile>
    <ClCompile Include="..\..\files\BootShell\WebServer\page.c">
      <Filter>소스 파일\WebServer</Filter>
    </ClCompile>
    <ClCompile Include="..\..\files\BootShell\WebServer\ringq.c">
      <Filter>소스 파일\WebServer</Filter>
    </ClCompile>
    <ClCompile Include="..\..\files\BootShell\WebServer\rom.c">
      <Filter>소스 파일\WebServer</Filter>
    </ClCompile>
    <ClCompile Include="..\..\files\BootShell\WebServer\security.c">
      <Filter>소스 파일\WebServer</Filter>
    </ClCompile>
    <ClCompile Include="..\..\files\BootShell\WebServer\sock.c">
      <Filter>소스 파일\WebServer</Filter>
    </ClCompile>
    <ClCompile Include="..\..\files\BootShell\WebServer\sockGen.c">
      <Filter>소스 파일\WebServer</Filter>
    </ClCompile>
    <ClCompile Include="..\..\files\BootShell\WebServer\strdup.c">
      <Filter>소스 파일\WebServer</Filter>
    </ClCompile>
    <ClCompile Include="..\..\files\BootShell\WebServer\strncasecmp.c">
      <Filter>소스 파일\WebServer</Filter>
    </ClCompile>
    <ClCompile Include="..\..\files\BootShell\WebServer\sym.c">
      <Filter>소스 파일\WebServer</Filter>
    </ClCompile>
    <ClCompile Include="..\..\files\BootShell\WebServer\uemf.c">
      <Filter>소스 파일\WebServer</Filter>
    </ClCompile>
    <ClCompile Include="..\..\files\BootShell\WebServer\um.c">
      <Filter>소스 파일\WebServer</Filter>
    </ClCompile>
    <ClCompile Include="..\..\files\BootShell\WebServer\umui.c">
      <Filter>소스 파일\WebServer</Filter>
    </ClCompile>
    <ClCompile Include="..\..\files\BootShell\WebServer\url.c">
      <Filter>소스 파일\WebServer</Filter>
    </ClCompile>
    <ClCompile Include="..\..\files\BootShell\WebServer\value.c">
      <Filter>소스 파일\WebServer</Filter>
    </ClCompile>
    <ClCompile Include="..\..\files\BootShell\WebServer\webrom.c">
      <Filter>소스 파일\WebServer</Filter>
    </ClCompile>
    <ClCompile Include="..\..\files\BootShell\WebServer\webs.c">
      <Filter>소스 파일\WebServer</Filter>
    </ClCompile>
    <ClCompile Include="..\..\files\BootShell\WebServer\websda.c">
      <Filter>소스 파일\WebServer</Filter>
    </ClCompile>
    <ClCompile Include="..\..\files\BootShell\WebServer\websuemf.c">
      <Filter>소스 파일\WebServer</Filter>
    </ClCompile>
    <ClCompile Include="..\..\files\Utils\cudpserver.cpp">
      <Filter>소스 파일\Utils</Filter>
    </ClCompile>
    <ClCompile Include="..\..\files\System\csharedmemory.cpp">
      <Filter>소스 파일\System</Filter>
    </ClCompile>
    <ClCompile Include="..\..\files\System\csysconfig.cpp">
      <Filter>소스 파일\System</Filter>
    </ClCompile>
    <ClCompile Include="..\..\files\MinIni\minIni.cpp">
      <Filter>소스 파일\Ini</Filter>
    </ClCompile>
  </ItemGroup>
  <ItemGroup>
    <ResourceCompile Include="VBootShell.rc">
      <Filter>리소스 파일</Filter>
    </ResourceCompile>
  </ItemGroup>
</Project>