
Microsoft Visual Studio Solution File, Format Version 11.00
# Visual Studio 2010
Project("{8BC9CEB8-8B4A-11D0-8D11-00A0C91BC942}") = "MSIGA", "MSIGA\MSIGA.vcxproj", "{77EB490D-A2C9-4069-87BE-26A69F11E858}"
EndProject
Project("{8BC9CEB8-8B4A-11D0-8D11-00A0C91BC942}") = "RADARDIR", "RADARDIR\RADARDIR.vcxproj", "{AF61494A-622B-448E-958D-6F27C288EF23}"
EndProject
Project("{8BC9CEB8-8B4A-11D0-8D11-00A0C91BC942}") = "RADARDIRAPP", "RADARDIRAPP\RADARDIRAPP.vcxproj", "{293A1A31-507D-49D7-9F98-EBA51FF313A9}"
EndProject
Project("{8BC9CEB8-8B4A-11D0-8D11-00A0C91BC942}") = "RADARANL", "RADARANL\RADARANL.vcxproj", "{547A3C9D-6E41-496F-8B5E-CAE1E25A00EA}"
EndProject
Project("{8BC9CEB8-8B4A-11D0-8D11-00A0C91BC942}") = "RADARANLAPP", "RADARANLAPP\RADARANLAPP.vcxproj", "{15DBC308-E4C4-44B8-80FE-684D37C6CF4A}"
EndProject
Project("{8BC9CEB8-8B4A-11D0-8D11-00A0C91BC942}") = "DeltaGraph", "DeltaGraph\DeltaGraph.vcxproj", "{0F52F650-ECAD-418A-BA1D-4F7AFFCAEA0E}"
EndProject
Global
	GlobalSection(SolutionConfigurationPlatforms) = preSolution
		Debug|Win32 = Debug|Win32
		Release|Win32 = Release|Win32
	EndGlobalSection
	GlobalSection(ProjectConfigurationPlatforms) = postSolution
		{77EB490D-A2C9-4069-87BE-26A69F11E858}.Debug|Win32.ActiveCfg = Debug|Win32
		{77EB490D-A2C9-4069-87BE-26A69F11E858}.Debug|Win32.Build.0 = Debug|Win32
		{77EB490D-A2C9-4069-87BE-26A69F11E858}.Release|Win32.ActiveCfg = Release|Win32
		{77EB490D-A2C9-4069-87BE-26A69F11E858}.Release|Win32.Build.0 = Release|Win32
		{AF61494A-622B-448E-958D-6F27C288EF23}.Debug|Win32.ActiveCfg = Debug|Win32
		{AF61494A-622B-448E-958D-6F27C288EF23}.Debug|Win32.Build.0 = Debug|Win32
		{AF61494A-622B-448E-958D-6F27C288EF23}.Release|Win32.ActiveCfg = Release|Win32
		{AF61494A-622B-448E-958D-6F27C288EF23}.Release|Win32.Build.0 = Release|Win32
		{293A1A31-507D-49D7-9F98-EBA51FF313A9}.Debug|Win32.ActiveCfg = Debug|Win32
		{293A1A31-507D-49D7-9F98-EBA51FF313A9}.Debug|Win32.Build.0 = Debug|Win32
		{293A1A31-507D-49D7-9F98-EBA51FF313A9}.Release|Win32.ActiveCfg = Release|Win32
		{293A1A31-507D-49D7-9F98-EBA51FF313A9}.Release|Win32.Build.0 = Release|Win32
		{547A3C9D-6E41-496F-8B5E-CAE1E25A00EA}.Debug|Win32.ActiveCfg = Debug|Win32
		{547A3C9D-6E41-496F-8B5E-CAE1E25A00EA}.Debug|Win32.Build.0 = Debug|Win32
		{547A3C9D-6E41-496F-8B5E-CAE1E25A00EA}.Release|Win32.ActiveCfg = Release|Win32
		{547A3C9D-6E41-496F-8B5E-CAE1E25A00EA}.Release|Win32.Build.0 = Release|Win32
		{15DBC308-E4C4-44B8-80FE-684D37C6CF4A}.Debug|Win32.ActiveCfg = Debug|Win32
		{15DBC308-E4C4-44B8-80FE-684D37C6CF4A}.Debug|Win32.Build.0 = Debug|Win32
		{15DBC308-E4C4-44B8-80FE-684D37C6CF4A}.Release|Win32.ActiveCfg = Release|Win32
		{15DBC308-E4C4-44B8-80FE-684D37C6CF4A}.Release|Win32.Build.0 = Release|Win32
		{0F52F650-ECAD-418A-BA1D-4F7AFFCAEA0E}.Debug|Win32.ActiveCfg = Debug|Win32
		{0F52F650-ECAD-418A-BA1D-4F7AFFCAEA0E}.Debug|Win32.Build.0 = Debug|Win32
		{0F52F650-ECAD-418A-BA1D-4F7AFFCAEA0E}.Release|Win32.ActiveCfg = Release|Win32
		{0F52F650-ECAD-418A-BA1D-4F7AFFCAEA0E}.Release|Win32.Build.0 = Release|Win32
	EndGlobalSection
	GlobalSection(SolutionProperties) = preSolution
		HideSolutionNode = FALSE
	EndGlobalSection
EndGlobal
